// !$*UTF8*$!
{
	archiveVersion = 1;
	classes = {
	};
	objectVersion = 50;
	objects = {

/* Begin PBXBuildFile section */
		6F1DDA8A240B321400AB87C0 /* repeatingSequence.swift in Sources */ = {isa = PBXBuildFile; fileRef = 6F1DDA89240B321400AB87C0 /* repeatingSequence.swift */; };
		6FE37AF1240B2B17009586EF /* main.swift in Sources */ = {isa = PBXBuildFile; fileRef = 6FE37AF0240B2B17009586EF /* main.swift */; };
		6FE37AFA240B2B5B009586EF /* CyclePermutation.swift in Sources */ = {isa = PBXBuildFile; fileRef = 6FE37AF9240B2B5B009586EF /* CyclePermutation.swift */; };
/* End PBXBuildFile section */

/* Begin PBXCopyFilesBuildPhase section */
		6FE37AEB240B2B17009586EF /* CopyFiles */ = {
			isa = PBXCopyFilesBuildPhase;
			buildActionMask = 2147483647;
			dstPath = /usr/share/man/man1/;
			dstSubfolderSpec = 0;
			files = (
			);
			runOnlyForDeploymentPostprocessing = 1;
		};
/* End PBXCopyFilesBuildPhase section */

/* Begin PBXFileReference section */
		6F1DDA89240B321400AB87C0 /* repeatingSequence.swift */ = {isa = PBXFileReference; lastKnownFileType = sourcecode.swift; path = repeatingSequence.swift; sourceTree = "<group>"; };
		6FE37AED240B2B17009586EF /* GraphAssignments */ = {isa = PBXFileReference; explicitFileType = "compiled.mach-o.executable"; includeInIndex = 0; path = GraphAssignments; sourceTree = BUILT_PRODUCTS_DIR; };
		6FE37AF0240B2B17009586EF /* main.swift */ = {isa = PBXFileReference; lastKnownFileType = sourcecode.swift; path = main.swift; sourceTree = "<group>"; };
		6FE37AF9240B2B5B009586EF /* CyclePermutation.swift */ = {isa = PBXFileReference; lastKnownFileType = sourcecode.swift; path = CyclePermutation.swift; sourceTree = "<group>"; };
/* End PBXFileReference section */

/* Begin PBXFrameworksBuildPhase section */
		6FE37AEA240B2B17009586EF /* Frameworks */ = {
			isa = PBXFrameworksBuildPhase;
			buildActionMask = 2147483647;
			files = (
			);
			runOnlyForDeploymentPostprocessing = 0;
		};
/* End PBXFrameworksBuildPhase section */

/* Begin PBXGroup section */
		6FE37AE4240B2B17009586EF = {
			isa = PBXGroup;
			children = (
				6FE37AEF240B2B17009586EF /* GraphAssignments */,
				6FE37AEE240B2B17009586EF /* Products */,
			);
			sourceTree = "<group>";
		};
		6FE37AEE240B2B17009586EF /* Products */ = {
			isa = PBXGroup;
			children = (
				6FE37AED240B2B17009586EF /* GraphAssignments */,
			);
			name = Products;
			sourceTree = "<group>";
		};
		6FE37AEF240B2B17009586EF /* GraphAssignments */ = {
			isa = PBXGroup;
			children = (
				6FE37AF8240B2B2C009586EF /* CyclePermutation */,
				6FE37AF7240B2B1C009586EF /* RepeatingSequence */,
				6FE37AF0240B2B17009586EF /* main.swift */,
			);
			path = GraphAssignments;
			sourceTree = "<group>";
		};
		6FE37AF7240B2B1C009586EF /* RepeatingSequence */ = {
			isa = PBXGroup;
			children = (
				6F1DDA89240B321400AB87C0 /* repeatingSequence.swift */,
			);
			path = RepeatingSequence;
			sourceTree = "<group>";
		};
		6FE37AF8240B2B2C009586EF /* CyclePermutation */ = {
			isa = PBXGroup;
			children = (
				6FE37AF9240B2B5B009586EF /* CyclePermutation.swift */,
			);
			path = CyclePermutation;
			sourceTree = "<group>";
		};
/* End PBXGroup section */

/* Begin PBXNativeTarget section */
		6FE37AEC240B2B17009586EF /* GraphAssignments */ = {
			isa = PBXNativeTarget;
			buildConfigurationList = 6FE37AF4240B2B17009586EF /* Build configuration list for PBXNativeTarget "GraphAssignments" */;
			buildPhases = (
				6FE37AE9240B2B17009586EF /* Sources */,
				6FE37AEA240B2B17009586EF /* Frameworks */,
				6FE37AEB240B2B17009586EF /* CopyFiles */,
			);
			buildRules = (
			);
			dependencies = (
			);
			name = GraphAssignments;
			productName = GraphAssignments;
			productReference = 6FE37AED240B2B17009586EF /* GraphAssignments */;
			productType = "com.apple.product-type.tool";
		};
/* End PBXNativeTarget section */

/* Begin PBXProject section */
		6FE37AE5240B2B17009586EF /* Project object */ = {
			isa = PBXProject;
			attributes = {
				LastSwiftUpdateCheck = 1130;
				LastUpgradeCheck = 1130;
				ORGANIZATIONNAME = CICCC;
				TargetAttributes = {
					6FE37AEC240B2B17009586EF = {
						CreatedOnToolsVersion = 11.3.1;
					};
				};
			};
			buildConfigurationList = 6FE37AE8240B2B17009586EF /* Build configuration list for PBXProject "GraphAssignments" */;
			compatibilityVersion = "Xcode 9.3";
			developmentRegion = en;
			hasScannedForEncodings = 0;
			knownRegions = (
				en,
				Base,
			);
			mainGroup = 6FE37AE4240B2B17009586EF;
			productRefGroup = 6FE37AEE240B2B17009586EF /* Products */;
			projectDirPath = "";
			projectRoot = "";
			targets = (
				6FE37AEC240B2B17009586EF /* GraphAssignments */,
			);
		};
/* End PBXProject section */

/* Begin PBXSourcesBuildPhase section */
		6FE37AE9240B2B17009586EF /* Sources */ = {
			isa = PBXSourcesBuildPhase;
			buildActionMask = 2147483647;
			files = (
				6FE37AF1240B2B17009586EF /* main.swift in Sources */,
				6FE37AFA240B2B5B009586EF /* CyclePermutation.swift in Sources */,
				6F1DDA8A240B321400AB87C0 /* repeatingSequence.swift in Sources */,
			);
			runOnlyForDeploymentPostprocessing = 0;
		};
/* End PBXSourcesBuildPhase section */

/* Begin XCBuildConfiguration section */
		6FE37AF2240B2B17009586EF /* Debug */ = {
			isa = XCBuildConfiguration;
			buildSettings = {
				ALWAYS_SEARCH_USER_PATHS = NO;
				CLANG_ANALYZER_NONNULL = YES;
				CLANG_ANALYZER_NUMBER_OBJECT_CONVERSION = YES_AGGRESSIVE;
				CLANG_CXX_LANGUAGE_STANDARD = "gnu++14";
				CLANG_CXX_LIBRARY = "libc++";
				CLANG_ENABLE_MODULES = YES;
				CLANG_ENABLE_OBJC_ARC = YES;
				CLANG_ENABLE_OBJC_WEAK = YES;
				CLANG_WARN_BLOCK_CAPTURE_AUTORELEASING = YES;
				CLANG_WARN_BOOL_CONVERSION = YES;
				CLANG_WARN_COMMA = YES;
				CLANG_WARN_CONSTANT_CONVERSION = YES;
				CLANG_WARN_DEPRECATED_OBJC_IMPLEMENTATIONS = YES;
				CLANG_WARN_DIRECT_OBJC_ISA_USAGE = YES_ERROR;
				CLANG_WARN_DOCUMENTATION_COMMENTS = YES;
				CLANG_WARN_EMPTY_BODY = YES;
				CLANG_WARN_ENUM_CONVERSION = YES;
				CLANG_WARN_INFINITE_RECURSION = YES;
				CLANG_WARN_INT_CONVERSION = YES;
				CLANG_WARN_NON_LITERAL_NULL_CONVERSION = YES;
				CLANG_WARN_OBJC_IMPLICIT_RETAIN_SELF = YES;
				CLANG_WARN_OBJC_LITERAL_CONVERSION = YES;
				CLANG_WARN_OBJC_ROOT_CLASS = YES_ERROR;
				CLANG_WARN_RANGE_LOOP_ANALYSIS = YES;
				CLANG_WARN_STRICT_PROTOTYPES = YES;
				CLANG_WARN_SUSPICIOUS_MOVE = YES;
				CLANG_WARN_UNGUARDED_AVAILABILITY = YES_AGGRESSIVE;
				CLANG_WARN_UNREACHABLE_CODE = YES;
				CLANG_WARN__DUPLICATE_METHOD_MATCH = YES;
				COPY_PHASE_STRIP = NO;
				DEBUG_INFORMATION_FORMAT = dwarf;
				ENABLE_STRICT_OBJC_MSGSEND = YES;
				ENABLE_TESTABILITY = YES;
				GCC_C_LANGUAGE_STANDARD = gnu11;
				GCC_DYNAMIC_NO_PIC = NO;
				GCC_NO_COMMON_BLOCKS = YES;
				GCC_OPTIMIZATION_LEVEL = 0;
				GCC_PREPROCESSOR_DEFINITIONS = (
					"DEBUG=1",
					"$(inherited)",
				);
				GCC_WARN_64_TO_32_BIT_CONVERSION = YES;
				GCC_WARN_ABOUT_RETURN_TYPE = YES_ERROR;
				GCC_WARN_UNDECLARED_SELECTOR = YES;
				GCC_WARN_UNINITIALIZED_AUTOS = YES_AGGRESSIVE;
				GCC_WARN_UNUSED_FUNCTION = YES;
				GCC_WARN_UNUSED_VARIABLE = YES;
				MACOSX_DEPLOYMENT_TARGET = 10.15;
				MTL_ENABLE_DEBUG_INFO = INCLUDE_SOURCE;
				MTL_FAST_MATH = YES;
				ONLY_ACTIVE_ARCH = YES;
				SDKROOT = macosx;
				SWIFT_ACTIVE_COMPILATION_CONDITIONS = DEBUG;
				SWIFT_OPTIMIZATION_LEVEL = "-Onone";
			};
			name = Debug;
		};
		6FE37AF3240B2B17009586EF /* Release */ = {
			isa = XCBuildConfiguration;
			buildSettings = {
				ALWAYS_SEARCH_USER_PATHS = NO;
				CLANG_ANALYZER_NONNULL = YES;
				CLANG_ANALYZER_NUMBER_OBJECT_CONVERSION = YES_AGGRESSIVE;
				CLANG_CXX_LANGUAGE_STANDARD = "gnu++14";
				CLANG_CXX_LIBRARY = "libc++";
				CLANG_ENABLE_MODULES = YES;
				CLANG_ENABLE_OBJC_ARC = YES;
				CLANG_ENABLE_OBJC_WEAK = YES;
				CLANG_WARN_BLOCK_CAPTURE_AUTORELEASING = YES;
				CLANG_WARN_BOOL_CONVERSION = YES;
				CLANG_WARN_COMMA = YES;
				CLANG_WARN_CONSTANT_CONVERSION = YES;
				CLANG_WARN_DEPRECATED_OBJC_IMPLEMENTATIONS = YES;
				CLANG_WARN_DIRECT_OBJC_ISA_USAGE = YES_ERROR;
				CLANG_WARN_DOCUMENTATION_COMMENTS = YES;
				CLANG_WARN_EMPTY_BODY = YES;
				CLANG_WARN_ENUM_CONVERSION = YES;
				CLANG_WARN_INFINITE_RECURSION = YES;
				CLANG_WARN_INT_CONVERSION = YES;
				CLANG_WARN_NON_LITERAL_NULL_CONVERSION = YES;
				CLANG_WARN_OBJC_IMPLICIT_RETAIN_SELF = YES;
				CLANG_WARN_OBJC_LITERAL_CONVERSION = YES;
				CLANG_WARN_OBJC_ROOT_CLASS = YES_ERROR;
				CLANG_WARN_RANGE_LOOP_ANALYSIS = YES;
				CLANG_WARN_STRICT_PROTOTYPES = YES;
				CLANG_WARN_SUSPICIOUS_MOVE = YES;
				CLANG_WARN_UNGUARDED_AVAILABILITY = YES_AGGRESSIVE;
				CLANG_WARN_UNREACHABLE_CODE = YES;
				CLANG_WARN__DUPLICATE_METHOD_MATCH = YES;
				COPY_PHASE_STRIP = NO;
				DEBUG_INFORMATION_FORMAT = "dwarf-with-dsym";
				ENABLE_NS_ASSERTIONS = NO;
				ENABLE_STRICT_OBJC_MSGSEND = YES;
				GCC_C_LANGUAGE_STANDARD = gnu11;
				GCC_NO_COMMON_BLOCKS = YES;
				GCC_WARN_64_TO_32_BIT_CONVERSION = YES;
				GCC_WARN_ABOUT_RETURN_TYPE = YES_ERROR;
				GCC_WARN_UNDECLARED_SELECTOR = YES;
				GCC_WARN_UNINITIALIZED_AUTOS = YES_AGGRESSIVE;
				GCC_WARN_UNUSED_FUNCTION = YES;
				GCC_WARN_UNUSED_VARIABLE = YES;
				MACOSX_DEPLOYMENT_TARGET = 10.15;
				MTL_ENABLE_DEBUG_INFO = NO;
				MTL_FAST_MATH = YES;
				SDKROOT = macosx;
				SWIFT_COMPILATION_MODE = wholemodule;
				SWIFT_OPTIMIZATION_LEVEL = "-O";
			};
			name = Release;
		};
		6FE37AF5240B2B17009586EF /* Debug */ = {
			isa = XCBuildConfiguration;
			buildSettings = {
				CODE_SIGN_STYLE = Automatic;
				DEVELOPMENT_TEAM = U2ZLLL9FT4;
				ENABLE_HARDENED_RUNTIME = YES;
				PRODUCT_NAME = "$(TARGET_NAME)";
				SWIFT_VERSION = 5.0;
			};
			name = Debug;
		};
		6FE37AF6240B2B17009586EF /* Release */ = {
			isa = XCBuildConfiguration;
			buildSettings = {
				CODE_SIGN_STYLE = Automatic;
				DEVELOPMENT_TEAM = U2ZLLL9FT4;
				ENABLE_HARDENED_RUNTIME = YES;
				PRODUCT_NAME = "$(TARGET_NAME)";
				SWIFT_VERSION = 5.0;
			};
			name = Release;
		};
/* End XCBuildConfiguration section */

/* Begin XCConfigurationList section */
		6FE37AE8240B2B17009586EF /* Build configuration list for PBXProject "GraphAssignments" */ = {
			isa = XCConfigurationList;
			buildConfigurations = (
				6FE37AF2240B2B17009586EF /* Debug */,
				6FE37AF3240B2B17009586EF /* Release */,
			);
			defaultConfigurationIsVisible = 0;
			defaultConfigurationName = Release;
		};
		6FE37AF4240B2B17009586EF /* Build configuration list for PBXNativeTarget "GraphAssignments" */ = {
			isa = XCConfigurationList;
			buildConfigurations = (
				6FE37AF5240B2B17009586EF /* Debug */,
				6FE37AF6240B2B17009586EF /* Release */,
			);
			defaultConfigurationIsVisible = 0;
			defaultConfigurationName = Release;
		};
/* End XCConfigurationList section */
	};
	rootObject = 6FE37AE5240B2B17009586EF /* Project object */;
}
