// !$*UTF8*$!
{
	archiveVersion = 1;
	classes = {
	};
	objectVersion = 50;
	objects = {

/* Begin PBXBuildFile section */
		6F5F3605241843610013C0A5 /* BellmanFord.swift in Sources */ = {isa = PBXBuildFile; fileRef = 6F5F3604241843610013C0A5 /* BellmanFord.swift */; };
		6F5F36072418455D0013C0A5 /* Queue.swift in Sources */ = {isa = PBXBuildFile; fileRef = 6F5F36062418455D0013C0A5 /* Queue.swift */; };
		6FBEAEC22416F3D9000FC8FB /* main.swift in Sources */ = {isa = PBXBuildFile; fileRef = 6FBEAEC12416F3D9000FC8FB /* main.swift */; };
		6FBEAECA2416F3F0000FC8FB /* Dijkstra.swift in Sources */ = {isa = PBXBuildFile; fileRef = 6FBEAEC92416F3F0000FC8FB /* Dijkstra.swift */; };
/* End PBXBuildFile section */

/* Begin PBXCopyFilesBuildPhase section */
		6FBEAEBC2416F3D9000FC8FB /* CopyFiles */ = {
			isa = PBXCopyFilesBuildPhase;
			buildActionMask = 2147483647;
			dstPath = /usr/share/man/man1/;
			dstSubfolderSpec = 0;
			files = (
			);
			runOnlyForDeploymentPostprocessing = 1;
		};
/* End PBXCopyFilesBuildPhase section */

/* Begin PBXFileReference section */
		6F5F3604241843610013C0A5 /* BellmanFord.swift */ = {isa = PBXFileReference; lastKnownFileType = sourcecode.swift; path = BellmanFord.swift; sourceTree = "<group>"; };
		6F5F36062418455D0013C0A5 /* Queue.swift */ = {isa = PBXFileReference; lastKnownFileType = sourcecode.swift; name = Queue.swift; path = ../SwiftAlgorithmsDataStructures/SwiftAlgorithmsDataStructures/DataStructures/Queue.swift; sourceTree = "<group>"; };
		6FBEAEBE2416F3D9000FC8FB /* ShortestPath */ = {isa = PBXFileReference; explicitFileType = "compiled.mach-o.executable"; includeInIndex = 0; path = ShortestPath; sourceTree = BUILT_PRODUCTS_DIR; };
		6FBEAEC12416F3D9000FC8FB /* main.swift */ = {isa = PBXFileReference; lastKnownFileType = sourcecode.swift; path = main.swift; sourceTree = "<group>"; };
		6FBEAEC92416F3F0000FC8FB /* Dijkstra.swift */ = {isa = PBXFileReference; lastKnownFileType = sourcecode.swift; path = Dijkstra.swift; sourceTree = "<group>"; };
/* End PBXFileReference section */

/* Begin PBXFrameworksBuildPhase section */
		6FBEAEBB2416F3D9000FC8FB /* Frameworks */ = {
			isa = PBXFrameworksBuildPhase;
			buildActionMask = 2147483647;
			files = (
			);
			runOnlyForDeploymentPostprocessing = 0;
		};
/* End PBXFrameworksBuildPhase section */

/* Begin PBXGroup section */
		6F5F36032418433C0013C0A5 /* BellmanFord */ = {
			isa = PBXGroup;
			children = (
				6F5F3604241843610013C0A5 /* BellmanFord.swift */,
			);
			path = BellmanFord;
			sourceTree = "<group>";
		};
		6FBEAEB52416F3D9000FC8FB = {
			isa = PBXGroup;
			children = (
				6F5F36062418455D0013C0A5 /* Queue.swift */,
				6FBEAEC02416F3D9000FC8FB /* ShortestPath */,
				6FBEAEBF2416F3D9000FC8FB /* Products */,
			);
			sourceTree = "<group>";
		};
		6FBEAEBF2416F3D9000FC8FB /* Products */ = {
			isa = PBXGroup;
			children = (
				6FBEAEBE2416F3D9000FC8FB /* ShortestPath */,
			);
			name = Products;
			sourceTree = "<group>";
		};
		6FBEAEC02416F3D9000FC8FB /* ShortestPath */ = {
			isa = PBXGroup;
			children = (
				6F5F36032418433C0013C0A5 /* BellmanFord */,
				6FBEAEC82416F3DF000FC8FB /* Dijkstra */,
				6FBEAEC12416F3D9000FC8FB /* main.swift */,
			);
			path = ShortestPath;
			sourceTree = "<group>";
		};
		6FBEAEC82416F3DF000FC8FB /* Dijkstra */ = {
			isa = PBXGroup;
			children = (
				6FBEAEC92416F3F0000FC8FB /* Dijkstra.swift */,
			);
			path = Dijkstra;
			sourceTree = "<group>";
		};
/* End PBXGroup section */

/* Begin PBXNativeTarget section */
		6FBEAEBD2416F3D9000FC8FB /* ShortestPath */ = {
			isa = PBXNativeTarget;
			buildConfigurationList = 6FBEAEC52416F3D9000FC8FB /* Build configuration list for PBXNativeTarget "ShortestPath" */;
			buildPhases = (
				6FBEAEBA2416F3D9000FC8FB /* Sources */,
				6FBEAEBB2416F3D9000FC8FB /* Frameworks */,
				6FBEAEBC2416F3D9000FC8FB /* CopyFiles */,
			);
			buildRules = (
			);
			dependencies = (
			);
			name = ShortestPath;
			productName = ShortestPath;
			productReference = 6FBEAEBE2416F3D9000FC8FB /* ShortestPath */;
			productType = "com.apple.product-type.tool";
		};
/* End PBXNativeTarget section */

/* Begin PBXProject section */
		6FBEAEB62416F3D9000FC8FB /* Project object */ = {
			isa = PBXProject;
			attributes = {
				LastSwiftUpdateCheck = 1130;
				LastUpgradeCheck = 1130;
				ORGANIZATIONNAME = CICCC;
				TargetAttributes = {
					6FBEAEBD2416F3D9000FC8FB = {
						CreatedOnToolsVersion = 11.3.1;
					};
				};
			};
			buildConfigurationList = 6FBEAEB92416F3D9000FC8FB /* Build configuration list for PBXProject "ShortestPath" */;
			compatibilityVersion = "Xcode 9.3";
			developmentRegion = en;
			hasScannedForEncodings = 0;
			knownRegions = (
				en,
				Base,
			);
			mainGroup = 6FBEAEB52416F3D9000FC8FB;
			productRefGroup = 6FBEAEBF2416F3D9000FC8FB /* Products */;
			projectDirPath = "";
			projectRoot = "";
			targets = (
				6FBEAEBD2416F3D9000FC8FB /* ShortestPath */,
			);
		};
/* End PBXProject section */

/* Begin PBXSourcesBuildPhase section */
		6FBEAEBA2416F3D9000FC8FB /* Sources */ = {
			isa = PBXSourcesBuildPhase;
			buildActionMask = 2147483647;
			files = (
				6F5F36072418455D0013C0A5 /* Queue.swift in Sources */,
				6FBEAEC22416F3D9000FC8FB /* main.swift in Sources */,
				6FBEAECA2416F3F0000FC8FB /* Dijkstra.swift in Sources */,
				6F5F3605241843610013C0A5 /* BellmanFord.swift in Sources */,
			);
			runOnlyForDeploymentPostprocessing = 0;
		};
/* End PBXSourcesBuildPhase section */

/* Begin XCBuildConfiguration section */
		6FBEAEC32416F3D9000FC8FB /* Debug */ = {
			isa = XCBuildConfiguration;
			buildSettings = {
				ALWAYS_SEARCH_USER_PATHS = NO;
				CLANG_ANALYZER_NONNULL = YES;
				CLANG_ANALYZER_NUMBER_OBJECT_CONVERSION = YES_AGGRESSIVE;
				CLANG_CXX_LANGUAGE_STANDARD = "gnu++14";
				CLANG_CXX_LIBRARY = "libc++";
				CLANG_ENABLE_MODULES = YES;
				CLANG_ENABLE_OBJC_ARC = YES;
				CLANG_ENABLE_OBJC_WEAK = YES;
				CLANG_WARN_BLOCK_CAPTURE_AUTORELEASING = YES;
				CLANG_WARN_BOOL_CONVERSION = YES;
				CLANG_WARN_COMMA = YES;
				CLANG_WARN_CONSTANT_CONVERSION = YES;
				CLANG_WARN_DEPRECATED_OBJC_IMPLEMENTATIONS = YES;
				CLANG_WARN_DIRECT_OBJC_ISA_USAGE = YES_ERROR;
				CLANG_WARN_DOCUMENTATION_COMMENTS = YES;
				CLANG_WARN_EMPTY_BODY = YES;
				CLANG_WARN_ENUM_CONVERSION = YES;
				CLANG_WARN_INFINITE_RECURSION = YES;
				CLANG_WARN_INT_CONVERSION = YES;
				CLANG_WARN_NON_LITERAL_NULL_CONVERSION = YES;
				CLANG_WARN_OBJC_IMPLICIT_RETAIN_SELF = YES;
				CLANG_WARN_OBJC_LITERAL_CONVERSION = YES;
				CLANG_WARN_OBJC_ROOT_CLASS = YES_ERROR;
				CLANG_WARN_RANGE_LOOP_ANALYSIS = YES;
				CLANG_WARN_STRICT_PROTOTYPES = YES;
				CLANG_WARN_SUSPICIOUS_MOVE = YES;
				CLANG_WARN_UNGUARDED_AVAILABILITY = YES_AGGRESSIVE;
				CLANG_WARN_UNREACHABLE_CODE = YES;
				CLANG_WARN__DUPLICATE_METHOD_MATCH = YES;
				COPY_PHASE_STRIP = NO;
				DEBUG_INFORMATION_FORMAT = dwarf;
				ENABLE_STRICT_OBJC_MSGSEND = YES;
				ENABLE_TESTABILITY = YES;
				GCC_C_LANGUAGE_STANDARD = gnu11;
				GCC_DYNAMIC_NO_PIC = NO;
				GCC_NO_COMMON_BLOCKS = YES;
				GCC_OPTIMIZATION_LEVEL = 0;
				GCC_PREPROCESSOR_DEFINITIONS = (
					"DEBUG=1",
					"$(inherited)",
				);
				GCC_WARN_64_TO_32_BIT_CONVERSION = YES;
				GCC_WARN_ABOUT_RETURN_TYPE = YES_ERROR;
				GCC_WARN_UNDECLARED_SELECTOR = YES;
				GCC_WARN_UNINITIALIZED_AUTOS = YES_AGGRESSIVE;
				GCC_WARN_UNUSED_FUNCTION = YES;
				GCC_WARN_UNUSED_VARIABLE = YES;
				MACOSX_DEPLOYMENT_TARGET = 10.15;
				MTL_ENABLE_DEBUG_INFO = INCLUDE_SOURCE;
				MTL_FAST_MATH = YES;
				ONLY_ACTIVE_ARCH = YES;
				SDKROOT = macosx;
				SWIFT_ACTIVE_COMPILATION_CONDITIONS = DEBUG;
				SWIFT_OPTIMIZATION_LEVEL = "-Onone";
			};
			name = Debug;
		};
		6FBEAEC42416F3D9000FC8FB /* Release */ = {
			isa = XCBuildConfiguration;
			buildSettings = {
				ALWAYS_SEARCH_USER_PATHS = NO;
				CLANG_ANALYZER_NONNULL = YES;
				CLANG_ANALYZER_NUMBER_OBJECT_CONVERSION = YES_AGGRESSIVE;
				CLANG_CXX_LANGUAGE_STANDARD = "gnu++14";
				CLANG_CXX_LIBRARY = "libc++";
				CLANG_ENABLE_MODULES = YES;
				CLANG_ENABLE_OBJC_ARC = YES;
				CLANG_ENABLE_OBJC_WEAK = YES;
				CLANG_WARN_BLOCK_CAPTURE_AUTORELEASING = YES;
				CLANG_WARN_BOOL_CONVERSION = YES;
				CLANG_WARN_COMMA = YES;
				CLANG_WARN_CONSTANT_CONVERSION = YES;
				CLANG_WARN_DEPRECATED_OBJC_IMPLEMENTATIONS = YES;
				CLANG_WARN_DIRECT_OBJC_ISA_USAGE = YES_ERROR;
				CLANG_WARN_DOCUMENTATION_COMMENTS = YES;
				CLANG_WARN_EMPTY_BODY = YES;
				CLANG_WARN_ENUM_CONVERSION = YES;
				CLANG_WARN_INFINITE_RECURSION = YES;
				CLANG_WARN_INT_CONVERSION = YES;
				CLANG_WARN_NON_LITERAL_NULL_CONVERSION = YES;
				CLANG_WARN_OBJC_IMPLICIT_RETAIN_SELF = YES;
				CLANG_WARN_OBJC_LITERAL_CONVERSION = YES;
				CLANG_WARN_OBJC_ROOT_CLASS = YES_ERROR;
				CLANG_WARN_RANGE_LOOP_ANALYSIS = YES;
				CLANG_WARN_STRICT_PROTOTYPES = YES;
				CLANG_WARN_SUSPICIOUS_MOVE = YES;
				CLANG_WARN_UNGUARDED_AVAILABILITY = YES_AGGRESSIVE;
				CLANG_WARN_UNREACHABLE_CODE = YES;
				CLANG_WARN__DUPLICATE_METHOD_MATCH = YES;
				COPY_PHASE_STRIP = NO;
				DEBUG_INFORMATION_FORMAT = "dwarf-with-dsym";
				ENABLE_NS_ASSERTIONS = NO;
				ENABLE_STRICT_OBJC_MSGSEND = YES;
				GCC_C_LANGUAGE_STANDARD = gnu11;
				GCC_NO_COMMON_BLOCKS = YES;
				GCC_WARN_64_TO_32_BIT_CONVERSION = YES;
				GCC_WARN_ABOUT_RETURN_TYPE = YES_ERROR;
				GCC_WARN_UNDECLARED_SELECTOR = YES;
				GCC_WARN_UNINITIALIZED_AUTOS = YES_AGGRESSIVE;
				GCC_WARN_UNUSED_FUNCTION = YES;
				GCC_WARN_UNUSED_VARIABLE = YES;
				MACOSX_DEPLOYMENT_TARGET = 10.15;
				MTL_ENABLE_DEBUG_INFO = NO;
				MTL_FAST_MATH = YES;
				SDKROOT = macosx;
				SWIFT_COMPILATION_MODE = wholemodule;
				SWIFT_OPTIMIZATION_LEVEL = "-O";
			};
			name = Release;
		};
		6FBEAEC62416F3D9000FC8FB /* Debug */ = {
			isa = XCBuildConfiguration;
			buildSettings = {
				CODE_SIGN_STYLE = Automatic;
				DEVELOPMENT_TEAM = U2ZLLL9FT4;
				ENABLE_HARDENED_RUNTIME = YES;
				PRODUCT_NAME = "$(TARGET_NAME)";
				SWIFT_VERSION = 5.0;
			};
			name = Debug;
		};
		6FBEAEC72416F3D9000FC8FB /* Release */ = {
			isa = XCBuildConfiguration;
			buildSettings = {
				CODE_SIGN_STYLE = Automatic;
				DEVELOPMENT_TEAM = U2ZLLL9FT4;
				ENABLE_HARDENED_RUNTIME = YES;
				PRODUCT_NAME = "$(TARGET_NAME)";
				SWIFT_VERSION = 5.0;
			};
			name = Release;
		};
/* End XCBuildConfiguration section */

/* Begin XCConfigurationList section */
		6FBEAEB92416F3D9000FC8FB /* Build configuration list for PBXProject "ShortestPath" */ = {
			isa = XCConfigurationList;
			buildConfigurations = (
				6FBEAEC32416F3D9000FC8FB /* Debug */,
				6FBEAEC42416F3D9000FC8FB /* Release */,
			);
			defaultConfigurationIsVisible = 0;
			defaultConfigurationName = Release;
		};
		6FBEAEC52416F3D9000FC8FB /* Build configuration list for PBXNativeTarget "ShortestPath" */ = {
			isa = XCConfigurationList;
			buildConfigurations = (
				6FBEAEC62416F3D9000FC8FB /* Debug */,
				6FBEAEC72416F3D9000FC8FB /* Release */,
			);
			defaultConfigurationIsVisible = 0;
			defaultConfigurationName = Release;
		};
/* End XCConfigurationList section */
	};
	rootObject = 6FBEAEB62416F3D9000FC8FB /* Project object */;
}
