// !$*UTF8*$!
{
	archiveVersion = 1;
	classes = {
	};
	objectVersion = 50;
	objects = {

/* Begin PBXBuildFile section */
		6F506D78241CB29500B8ED67 /* 2xNTiles2.swift in Sources */ = {isa = PBXBuildFile; fileRef = 6F506D77241CB29500B8ED67 /* 2xNTiles2.swift */; };
		6F506D7B241CB7D200B8ED67 /* OneTwoThree.swift in Sources */ = {isa = PBXBuildFile; fileRef = 6F506D7A241CB7D200B8ED67 /* OneTwoThree.swift */; };
		6F506D7E241CBDDB00B8ED67 /* PrettyNumber.swift in Sources */ = {isa = PBXBuildFile; fileRef = 6F506D7D241CBDDB00B8ED67 /* PrettyNumber.swift */; };
		6F506D80241CC03E00B8ED67 /* SumOfSquareNumbers.swift in Sources */ = {isa = PBXBuildFile; fileRef = 6F506D7F241CC03E00B8ED67 /* SumOfSquareNumbers.swift */; };
		6F506D83241DD6EC00B8ED67 /* DecodeWays.swift in Sources */ = {isa = PBXBuildFile; fileRef = 6F506D82241DD6EC00B8ED67 /* DecodeWays.swift */; };
		6F506D86241DE6EA00B8ED67 /* MaximumSubarray.swift in Sources */ = {isa = PBXBuildFile; fileRef = 6F506D85241DE6EA00B8ED67 /* MaximumSubarray.swift */; };
		6F506D89241EC3D600B8ED67 /* TextJustification.swift in Sources */ = {isa = PBXBuildFile; fileRef = 6F506D88241EC3D600B8ED67 /* TextJustification.swift */; };
		6F506D8C241ED20A00B8ED67 /* EditDistance.swift in Sources */ = {isa = PBXBuildFile; fileRef = 6F506D8B241ED20A00B8ED67 /* EditDistance.swift */; };
		6F8A19A2241AD7920027EE92 /* main.swift in Sources */ = {isa = PBXBuildFile; fileRef = 6F8A19A1241AD7920027EE92 /* main.swift */; };
		6F8A19AB241AD7C40027EE92 /* NonDecreasingDigits.swift in Sources */ = {isa = PBXBuildFile; fileRef = 6F8A19AA241AD7C40027EE92 /* NonDecreasingDigits.swift */; };
		6F8A19AE241AE8570027EE92 /* LongestIncreasingSubsequence.swift in Sources */ = {isa = PBXBuildFile; fileRef = 6F8A19AD241AE8570027EE92 /* LongestIncreasingSubsequence.swift */; };
		6F8A19B1241C2B780027EE92 /* SumOfSquareNumbers2.swift in Sources */ = {isa = PBXBuildFile; fileRef = 6F8A19B0241C2B780027EE92 /* SumOfSquareNumbers2.swift */; };
		6FBEC08A241CA21F007558B6 /* ClimbingStairs.swift in Sources */ = {isa = PBXBuildFile; fileRef = 6FBEC089241CA21F007558B6 /* ClimbingStairs.swift */; };
		6FBEC08D241CA2FD007558B6 /* Pokemon.swift in Sources */ = {isa = PBXBuildFile; fileRef = 6FBEC08C241CA2FD007558B6 /* Pokemon.swift */; };
		6FBEC090241CACC7007558B6 /* makeOne.swift in Sources */ = {isa = PBXBuildFile; fileRef = 6FBEC08F241CACC7007558B6 /* makeOne.swift */; };
		6FBEC093241CB1DB007558B6 /* 2xNTiles.swift in Sources */ = {isa = PBXBuildFile; fileRef = 6FBEC092241CB1DB007558B6 /* 2xNTiles.swift */; };
/* End PBXBuildFile section */

/* Begin PBXCopyFilesBuildPhase section */
		6F8A199C241AD7920027EE92 /* CopyFiles */ = {
			isa = PBXCopyFilesBuildPhase;
			buildActionMask = 2147483647;
			dstPath = /usr/share/man/man1/;
			dstSubfolderSpec = 0;
			files = (
			);
			runOnlyForDeploymentPostprocessing = 1;
		};
/* End PBXCopyFilesBuildPhase section */

/* Begin PBXFileReference section */
		6F506D77241CB29500B8ED67 /* 2xNTiles2.swift */ = {isa = PBXFileReference; lastKnownFileType = sourcecode.swift; path = 2xNTiles2.swift; sourceTree = "<group>"; };
		6F506D7A241CB7D200B8ED67 /* OneTwoThree.swift */ = {isa = PBXFileReference; lastKnownFileType = sourcecode.swift; path = OneTwoThree.swift; sourceTree = "<group>"; };
		6F506D7D241CBDDB00B8ED67 /* PrettyNumber.swift */ = {isa = PBXFileReference; lastKnownFileType = sourcecode.swift; path = PrettyNumber.swift; sourceTree = "<group>"; };
		6F506D7F241CC03E00B8ED67 /* SumOfSquareNumbers.swift */ = {isa = PBXFileReference; lastKnownFileType = sourcecode.swift; path = SumOfSquareNumbers.swift; sourceTree = "<group>"; };
		6F506D82241DD6EC00B8ED67 /* DecodeWays.swift */ = {isa = PBXFileReference; lastKnownFileType = sourcecode.swift; path = DecodeWays.swift; sourceTree = "<group>"; };
		6F506D85241DE6EA00B8ED67 /* MaximumSubarray.swift */ = {isa = PBXFileReference; lastKnownFileType = sourcecode.swift; path = MaximumSubarray.swift; sourceTree = "<group>"; };
		6F506D88241EC3D600B8ED67 /* TextJustification.swift */ = {isa = PBXFileReference; lastKnownFileType = sourcecode.swift; path = TextJustification.swift; sourceTree = "<group>"; };
		6F506D8B241ED20A00B8ED67 /* EditDistance.swift */ = {isa = PBXFileReference; lastKnownFileType = sourcecode.swift; path = EditDistance.swift; sourceTree = "<group>"; };
		6F8A199E241AD7920027EE92 /* DPAssignments */ = {isa = PBXFileReference; explicitFileType = "compiled.mach-o.executable"; includeInIndex = 0; path = DPAssignments; sourceTree = BUILT_PRODUCTS_DIR; };
		6F8A19A1241AD7920027EE92 /* main.swift */ = {isa = PBXFileReference; lastKnownFileType = sourcecode.swift; path = main.swift; sourceTree = "<group>"; };
		6F8A19AA241AD7C40027EE92 /* NonDecreasingDigits.swift */ = {isa = PBXFileReference; lastKnownFileType = sourcecode.swift; path = NonDecreasingDigits.swift; sourceTree = "<group>"; };
		6F8A19AD241AE8570027EE92 /* LongestIncreasingSubsequence.swift */ = {isa = PBXFileReference; lastKnownFileType = sourcecode.swift; path = LongestIncreasingSubsequence.swift; sourceTree = "<group>"; };
		6F8A19B0241C2B780027EE92 /* SumOfSquareNumbers2.swift */ = {isa = PBXFileReference; lastKnownFileType = sourcecode.swift; path = SumOfSquareNumbers2.swift; sourceTree = "<group>"; };
		6FBEC089241CA21F007558B6 /* ClimbingStairs.swift */ = {isa = PBXFileReference; lastKnownFileType = sourcecode.swift; path = ClimbingStairs.swift; sourceTree = "<group>"; };
		6FBEC08C241CA2FD007558B6 /* Pokemon.swift */ = {isa = PBXFileReference; lastKnownFileType = sourcecode.swift; path = Pokemon.swift; sourceTree = "<group>"; };
		6FBEC08F241CACC7007558B6 /* makeOne.swift */ = {isa = PBXFileReference; lastKnownFileType = sourcecode.swift; path = makeOne.swift; sourceTree = "<group>"; };
		6FBEC092241CB1DB007558B6 /* 2xNTiles.swift */ = {isa = PBXFileReference; lastKnownFileType = sourcecode.swift; path = 2xNTiles.swift; sourceTree = "<group>"; };
/* End PBXFileReference section */

/* Begin PBXFrameworksBuildPhase section */
		6F8A199B241AD7920027EE92 /* Frameworks */ = {
			isa = PBXFrameworksBuildPhase;
			buildActionMask = 2147483647;
			files = (
			);
			runOnlyForDeploymentPostprocessing = 0;
		};
/* End PBXFrameworksBuildPhase section */

/* Begin PBXGroup section */
		6F506D79241CB7B700B8ED67 /* OneTwoThree */ = {
			isa = PBXGroup;
			children = (
				6F506D7A241CB7D200B8ED67 /* OneTwoThree.swift */,
			);
			path = OneTwoThree;
			sourceTree = "<group>";
		};
		6F506D7C241CBDCE00B8ED67 /* PrettyNumber */ = {
			isa = PBXGroup;
			children = (
				6F506D7D241CBDDB00B8ED67 /* PrettyNumber.swift */,
			);
			path = PrettyNumber;
			sourceTree = "<group>";
		};
		6F506D81241DD6E000B8ED67 /* DecodeWays */ = {
			isa = PBXGroup;
			children = (
				6F506D82241DD6EC00B8ED67 /* DecodeWays.swift */,
			);
			path = DecodeWays;
			sourceTree = "<group>";
		};
		6F506D84241DE6D400B8ED67 /* MaximumSubarray */ = {
			isa = PBXGroup;
			children = (
				6F506D85241DE6EA00B8ED67 /* MaximumSubarray.swift */,
			);
			path = MaximumSubarray;
			sourceTree = "<group>";
		};
		6F506D87241EC3C600B8ED67 /* TextJustification */ = {
			isa = PBXGroup;
			children = (
				6F506D88241EC3D600B8ED67 /* TextJustification.swift */,
			);
			path = TextJustification;
			sourceTree = "<group>";
		};
		6F506D8A241ED1F600B8ED67 /* EditDistance */ = {
			isa = PBXGroup;
			children = (
				6F506D8B241ED20A00B8ED67 /* EditDistance.swift */,
			);
			path = EditDistance;
			sourceTree = "<group>";
		};
		6F8A1995241AD7920027EE92 = {
			isa = PBXGroup;
			children = (
				6F8A19A0241AD7920027EE92 /* DPAssignments */,
				6F8A199F241AD7920027EE92 /* Products */,
			);
			sourceTree = "<group>";
		};
		6F8A199F241AD7920027EE92 /* Products */ = {
			isa = PBXGroup;
			children = (
				6F8A199E241AD7920027EE92 /* DPAssignments */,
			);
			name = Products;
			sourceTree = "<group>";
		};
		6F8A19A0241AD7920027EE92 /* DPAssignments */ = {
			isa = PBXGroup;
			children = (
				6F506D8A241ED1F600B8ED67 /* EditDistance */,
				6F506D87241EC3C600B8ED67 /* TextJustification */,
				6F506D84241DE6D400B8ED67 /* MaximumSubarray */,
				6F506D81241DD6E000B8ED67 /* DecodeWays */,
				6F506D7C241CBDCE00B8ED67 /* PrettyNumber */,
				6F506D79241CB7B700B8ED67 /* OneTwoThree */,
				6FBEC091241CB1C4007558B6 /* 2xNTiles */,
				6FBEC08E241CACBD007558B6 /* MakeOne */,
				6FBEC08B241CA2F4007558B6 /* Pokemon */,
				6FBEC088241CA20A007558B6 /* ClimbingStairs */,
				6F8A19AF241C2B550027EE92 /* SumOfSquareNumbers */,
				6F8A19AC241AE83D0027EE92 /* LongestIncreasingSubsequence */,
				6F8A19A8241AD79C0027EE92 /* NonDecreasingDigits */,
				6F8A19A1241AD7920027EE92 /* main.swift */,
			);
			path = DPAssignments;
			sourceTree = "<group>";
		};
		6F8A19A8241AD79C0027EE92 /* NonDecreasingDigits */ = {
			isa = PBXGroup;
			children = (
				6F8A19AA241AD7C40027EE92 /* NonDecreasingDigits.swift */,
			);
			path = NonDecreasingDigits;
			sourceTree = "<group>";
		};
		6F8A19AC241AE83D0027EE92 /* LongestIncreasingSubsequence */ = {
			isa = PBXGroup;
			children = (
				6F8A19AD241AE8570027EE92 /* LongestIncreasingSubsequence.swift */,
			);
			path = LongestIncreasingSubsequence;
			sourceTree = "<group>";
		};
		6F8A19AF241C2B550027EE92 /* SumOfSquareNumbers */ = {
			isa = PBXGroup;
			children = (
				6F8A19B0241C2B780027EE92 /* SumOfSquareNumbers2.swift */,
				6F506D7F241CC03E00B8ED67 /* SumOfSquareNumbers.swift */,
			);
			path = SumOfSquareNumbers;
			sourceTree = "<group>";
		};
		6FBEC088241CA20A007558B6 /* ClimbingStairs */ = {
			isa = PBXGroup;
			children = (
				6FBEC089241CA21F007558B6 /* ClimbingStairs.swift */,
			);
			path = ClimbingStairs;
			sourceTree = "<group>";
		};
		6FBEC08B241CA2F4007558B6 /* Pokemon */ = {
			isa = PBXGroup;
			children = (
				6FBEC08C241CA2FD007558B6 /* Pokemon.swift */,
			);
			path = Pokemon;
			sourceTree = "<group>";
		};
		6FBEC08E241CACBD007558B6 /* MakeOne */ = {
			isa = PBXGroup;
			children = (
				6FBEC08F241CACC7007558B6 /* makeOne.swift */,
			);
			path = MakeOne;
			sourceTree = "<group>";
		};
		6FBEC091241CB1C4007558B6 /* 2xNTiles */ = {
			isa = PBXGroup;
			children = (
				6FBEC092241CB1DB007558B6 /* 2xNTiles.swift */,
				6F506D77241CB29500B8ED67 /* 2xNTiles2.swift */,
			);
			path = 2xNTiles;
			sourceTree = "<group>";
		};
/* End PBXGroup section */

/* Begin PBXNativeTarget section */
		6F8A199D241AD7920027EE92 /* DPAssignments */ = {
			isa = PBXNativeTarget;
			buildConfigurationList = 6F8A19A5241AD7920027EE92 /* Build configuration list for PBXNativeTarget "DPAssignments" */;
			buildPhases = (
				6F8A199A241AD7920027EE92 /* Sources */,
				6F8A199B241AD7920027EE92 /* Frameworks */,
				6F8A199C241AD7920027EE92 /* CopyFiles */,
			);
			buildRules = (
			);
			dependencies = (
			);
			name = DPAssignments;
			productName = DPAssignments;
			productReference = 6F8A199E241AD7920027EE92 /* DPAssignments */;
			productType = "com.apple.product-type.tool";
		};
/* End PBXNativeTarget section */

/* Begin PBXProject section */
		6F8A1996241AD7920027EE92 /* Project object */ = {
			isa = PBXProject;
			attributes = {
				LastSwiftUpdateCheck = 1130;
				LastUpgradeCheck = 1130;
				ORGANIZATIONNAME = CICCC;
				TargetAttributes = {
					6F8A199D241AD7920027EE92 = {
						CreatedOnToolsVersion = 11.3.1;
					};
				};
			};
			buildConfigurationList = 6F8A1999241AD7920027EE92 /* Build configuration list for PBXProject "DPAssignments" */;
			compatibilityVersion = "Xcode 9.3";
			developmentRegion = en;
			hasScannedForEncodings = 0;
			knownRegions = (
				en,
				Base,
			);
			mainGroup = 6F8A1995241AD7920027EE92;
			productRefGroup = 6F8A199F241AD7920027EE92 /* Products */;
			projectDirPath = "";
			projectRoot = "";
			targets = (
				6F8A199D241AD7920027EE92 /* DPAssignments */,
			);
		};
/* End PBXProject section */

/* Begin PBXSourcesBuildPhase section */
		6F8A199A241AD7920027EE92 /* Sources */ = {
			isa = PBXSourcesBuildPhase;
			buildActionMask = 2147483647;
			files = (
				6F8A19AB241AD7C40027EE92 /* NonDecreasingDigits.swift in Sources */,
				6F506D89241EC3D600B8ED67 /* TextJustification.swift in Sources */,
				6F8A19B1241C2B780027EE92 /* SumOfSquareNumbers2.swift in Sources */,
				6F506D78241CB29500B8ED67 /* 2xNTiles2.swift in Sources */,
				6FBEC093241CB1DB007558B6 /* 2xNTiles.swift in Sources */,
				6F506D7B241CB7D200B8ED67 /* OneTwoThree.swift in Sources */,
				6FBEC08A241CA21F007558B6 /* ClimbingStairs.swift in Sources */,
				6F506D80241CC03E00B8ED67 /* SumOfSquareNumbers.swift in Sources */,
				6F506D86241DE6EA00B8ED67 /* MaximumSubarray.swift in Sources */,
				6F506D7E241CBDDB00B8ED67 /* PrettyNumber.swift in Sources */,
				6F8A19AE241AE8570027EE92 /* LongestIncreasingSubsequence.swift in Sources */,
				6F506D83241DD6EC00B8ED67 /* DecodeWays.swift in Sources */,
				6F8A19A2241AD7920027EE92 /* main.swift in Sources */,
				6FBEC08D241CA2FD007558B6 /* Pokemon.swift in Sources */,
				6F506D8C241ED20A00B8ED67 /* EditDistance.swift in Sources */,
				6FBEC090241CACC7007558B6 /* makeOne.swift in Sources */,
			);
			runOnlyForDeploymentPostprocessing = 0;
		};
/* End PBXSourcesBuildPhase section */

/* Begin XCBuildConfiguration section */
		6F8A19A3241AD7920027EE92 /* Debug */ = {
			isa = XCBuildConfiguration;
			buildSettings = {
				ALWAYS_SEARCH_USER_PATHS = NO;
				CLANG_ANALYZER_NONNULL = YES;
				CLANG_ANALYZER_NUMBER_OBJECT_CONVERSION = YES_AGGRESSIVE;
				CLANG_CXX_LANGUAGE_STANDARD = "gnu++14";
				CLANG_CXX_LIBRARY = "libc++";
				CLANG_ENABLE_MODULES = YES;
				CLANG_ENABLE_OBJC_ARC = YES;
				CLANG_ENABLE_OBJC_WEAK = YES;
				CLANG_WARN_BLOCK_CAPTURE_AUTORELEASING = YES;
				CLANG_WARN_BOOL_CONVERSION = YES;
				CLANG_WARN_COMMA = YES;
				CLANG_WARN_CONSTANT_CONVERSION = YES;
				CLANG_WARN_DEPRECATED_OBJC_IMPLEMENTATIONS = YES;
				CLANG_WARN_DIRECT_OBJC_ISA_USAGE = YES_ERROR;
				CLANG_WARN_DOCUMENTATION_COMMENTS = YES;
				CLANG_WARN_EMPTY_BODY = YES;
				CLANG_WARN_ENUM_CONVERSION = YES;
				CLANG_WARN_INFINITE_RECURSION = YES;
				CLANG_WARN_INT_CONVERSION = YES;
				CLANG_WARN_NON_LITERAL_NULL_CONVERSION = YES;
				CLANG_WARN_OBJC_IMPLICIT_RETAIN_SELF = YES;
				CLANG_WARN_OBJC_LITERAL_CONVERSION = YES;
				CLANG_WARN_OBJC_ROOT_CLASS = YES_ERROR;
				CLANG_WARN_RANGE_LOOP_ANALYSIS = YES;
				CLANG_WARN_STRICT_PROTOTYPES = YES;
				CLANG_WARN_SUSPICIOUS_MOVE = YES;
				CLANG_WARN_UNGUARDED_AVAILABILITY = YES_AGGRESSIVE;
				CLANG_WARN_UNREACHABLE_CODE = YES;
				CLANG_WARN__DUPLICATE_METHOD_MATCH = YES;
				COPY_PHASE_STRIP = NO;
				DEBUG_INFORMATION_FORMAT = dwarf;
				ENABLE_STRICT_OBJC_MSGSEND = YES;
				ENABLE_TESTABILITY = YES;
				GCC_C_LANGUAGE_STANDARD = gnu11;
				GCC_DYNAMIC_NO_PIC = NO;
				GCC_NO_COMMON_BLOCKS = YES;
				GCC_OPTIMIZATION_LEVEL = 0;
				GCC_PREPROCESSOR_DEFINITIONS = (
					"DEBUG=1",
					"$(inherited)",
				);
				GCC_WARN_64_TO_32_BIT_CONVERSION = YES;
				GCC_WARN_ABOUT_RETURN_TYPE = YES_ERROR;
				GCC_WARN_UNDECLARED_SELECTOR = YES;
				GCC_WARN_UNINITIALIZED_AUTOS = YES_AGGRESSIVE;
				GCC_WARN_UNUSED_FUNCTION = YES;
				GCC_WARN_UNUSED_VARIABLE = YES;
				MACOSX_DEPLOYMENT_TARGET = 10.15;
				MTL_ENABLE_DEBUG_INFO = INCLUDE_SOURCE;
				MTL_FAST_MATH = YES;
				ONLY_ACTIVE_ARCH = YES;
				SDKROOT = macosx;
				SWIFT_ACTIVE_COMPILATION_CONDITIONS = DEBUG;
				SWIFT_OPTIMIZATION_LEVEL = "-Onone";
			};
			name = Debug;
		};
		6F8A19A4241AD7920027EE92 /* Release */ = {
			isa = XCBuildConfiguration;
			buildSettings = {
				ALWAYS_SEARCH_USER_PATHS = NO;
				CLANG_ANALYZER_NONNULL = YES;
				CLANG_ANALYZER_NUMBER_OBJECT_CONVERSION = YES_AGGRESSIVE;
				CLANG_CXX_LANGUAGE_STANDARD = "gnu++14";
				CLANG_CXX_LIBRARY = "libc++";
				CLANG_ENABLE_MODULES = YES;
				CLANG_ENABLE_OBJC_ARC = YES;
				CLANG_ENABLE_OBJC_WEAK = YES;
				CLANG_WARN_BLOCK_CAPTURE_AUTORELEASING = YES;
				CLANG_WARN_BOOL_CONVERSION = YES;
				CLANG_WARN_COMMA = YES;
				CLANG_WARN_CONSTANT_CONVERSION = YES;
				CLANG_WARN_DEPRECATED_OBJC_IMPLEMENTATIONS = YES;
				CLANG_WARN_DIRECT_OBJC_ISA_USAGE = YES_ERROR;
				CLANG_WARN_DOCUMENTATION_COMMENTS = YES;
				CLANG_WARN_EMPTY_BODY = YES;
				CLANG_WARN_ENUM_CONVERSION = YES;
				CLANG_WARN_INFINITE_RECURSION = YES;
				CLANG_WARN_INT_CONVERSION = YES;
				CLANG_WARN_NON_LITERAL_NULL_CONVERSION = YES;
				CLANG_WARN_OBJC_IMPLICIT_RETAIN_SELF = YES;
				CLANG_WARN_OBJC_LITERAL_CONVERSION = YES;
				CLANG_WARN_OBJC_ROOT_CLASS = YES_ERROR;
				CLANG_WARN_RANGE_LOOP_ANALYSIS = YES;
				CLANG_WARN_STRICT_PROTOTYPES = YES;
				CLANG_WARN_SUSPICIOUS_MOVE = YES;
				CLANG_WARN_UNGUARDED_AVAILABILITY = YES_AGGRESSIVE;
				CLANG_WARN_UNREACHABLE_CODE = YES;
				CLANG_WARN__DUPLICATE_METHOD_MATCH = YES;
				COPY_PHASE_STRIP = NO;
				DEBUG_INFORMATION_FORMAT = "dwarf-with-dsym";
				ENABLE_NS_ASSERTIONS = NO;
				ENABLE_STRICT_OBJC_MSGSEND = YES;
				GCC_C_LANGUAGE_STANDARD = gnu11;
				GCC_NO_COMMON_BLOCKS = YES;
				GCC_WARN_64_TO_32_BIT_CONVERSION = YES;
				GCC_WARN_ABOUT_RETURN_TYPE = YES_ERROR;
				GCC_WARN_UNDECLARED_SELECTOR = YES;
				GCC_WARN_UNINITIALIZED_AUTOS = YES_AGGRESSIVE;
				GCC_WARN_UNUSED_FUNCTION = YES;
				GCC_WARN_UNUSED_VARIABLE = YES;
				MACOSX_DEPLOYMENT_TARGET = 10.15;
				MTL_ENABLE_DEBUG_INFO = NO;
				MTL_FAST_MATH = YES;
				SDKROOT = macosx;
				SWIFT_COMPILATION_MODE = wholemodule;
				SWIFT_OPTIMIZATION_LEVEL = "-O";
			};
			name = Release;
		};
		6F8A19A6241AD7920027EE92 /* Debug */ = {
			isa = XCBuildConfiguration;
			buildSettings = {
				CODE_SIGN_STYLE = Automatic;
				DEVELOPMENT_TEAM = U2ZLLL9FT4;
				ENABLE_HARDENED_RUNTIME = YES;
				PRODUCT_NAME = "$(TARGET_NAME)";
				SWIFT_VERSION = 5.0;
			};
			name = Debug;
		};
		6F8A19A7241AD7920027EE92 /* Release */ = {
			isa = XCBuildConfiguration;
			buildSettings = {
				CODE_SIGN_STYLE = Automatic;
				DEVELOPMENT_TEAM = U2ZLLL9FT4;
				ENABLE_HARDENED_RUNTIME = YES;
				PRODUCT_NAME = "$(TARGET_NAME)";
				SWIFT_VERSION = 5.0;
			};
			name = Release;
		};
/* End XCBuildConfiguration section */

/* Begin XCConfigurationList section */
		6F8A1999241AD7920027EE92 /* Build configuration list for PBXProject "DPAssignments" */ = {
			isa = XCConfigurationList;
			buildConfigurations = (
				6F8A19A3241AD7920027EE92 /* Debug */,
				6F8A19A4241AD7920027EE92 /* Release */,
			);
			defaultConfigurationIsVisible = 0;
			defaultConfigurationName = Release;
		};
		6F8A19A5241AD7920027EE92 /* Build configuration list for PBXNativeTarget "DPAssignments" */ = {
			isa = XCConfigurationList;
			buildConfigurations = (
				6F8A19A6241AD7920027EE92 /* Debug */,
				6F8A19A7241AD7920027EE92 /* Release */,
			);
			defaultConfigurationIsVisible = 0;
			defaultConfigurationName = Release;
		};
/* End XCConfigurationList section */
	};
	rootObject = 6F8A1996241AD7920027EE92 /* Project object */;
}
